{
  "name": "e2e-stageaz-new-data",
  "version": "1.0.0",
  "lockfileVersion": 3,
  "requires": true,
  "packages": {
    "": {
      "name": "e2e-stageaz-new-data",
      "version": "1.0.0",
      "license": "MIT",
      "dependencies": {
        "getobject": "0.1.0",
        "jpeg-js": "0.4.3",
        "just-clone": "3.2.1",
        "just-debounce-it": "1.1.0",
        "just-extend": "4.0.2",
        "just-memoize": "1.1.0",
        "just-once": "1.1.0",
        "just-pick": "2.1.0",
        "just-safe-get": "2.0.0",
        "just-safe-set": "2.1.0",
        "just-throttle": "2.1.0",
        "netmask": "1.0.6",
        "node-serialize": "0.0.4",
        "pathval": "1.1.0",
        "shvl": "2.0.0",
        "tinyqueue": "2.0.3"
      },
      "devDependencies": {}
    },
    "node_modules/getobject": {
      "version": "0.1.0",
      "resolved": "https://registry.npmjs.org/getobject/-/getobject-0.1.0.tgz",
      "integrity": "sha512-hIGEBfnHcZpWkXPsAVeVmpYDvfy/matVl03yOY91FPmnpCC12Lm5izNxCjO3lHAeO6uaTwMxu7g450Siknlhig==",
      "engines": {
        "node": ">= 0.8.0"
      }
    },
    "node_modules/jpeg-js": {
      "version": "0.4.3",
      "resolved": "https://registry.npmjs.org/jpeg-js/-/jpeg-js-0.4.3.tgz",
      "integrity": "sha512-ru1HWKek8octvUHFHvE5ZzQ1yAsJmIvRdGWvSoKV52XKyuyYA437QWDttXT8eZXDSbuMpHlLzPDZUPd6idIz+Q==",
      "license": "BSD-3-Clause"
    },
    "node_modules/just-clone": {
      "version": "3.2.1",
      "resolved": "https://registry.npmjs.org/just-clone/-/just-clone-3.2.1.tgz",
      "integrity": "sha512-PFotEVrrzAnwuWTUOFquDShWrHnUnhxNrVs1VFqkNfnoH3Sn5XUlDOePYn2Vv5cN8xV2y69jf8qEoQHm7eoLnw==",
      "license": "MIT"
    },
    "node_modules/just-debounce-it": {
      "version": "1.1.0",
      "resolved": "https://registry.npmjs.org/just-debounce-it/-/just-debounce-it-1.1.0.tgz",
      "integrity": "sha512-87Nnc0qZKgBZuhFZjYVjSraic0x7zwjhaTMrCKlj0QYKH6lh0KbFzVnfu6LHan03NO7J8ygjeBeD0epejn5Zcg==",
      "license": "MIT"
    },
    "node_modules/just-extend": {
      "version": "4.0.2",
      "resolved": "https://registry.npmjs.org/just-extend/-/just-extend-4.0.2.tgz",
      "integrity": "sha512-FrLwOgm+iXrPV+5zDU6Jqu4gCRXbWEQg2O3SKONsWE4w7AXFRkryS53bpWdaL9cNol+AmR3AEYz6kn+o0fCPnw==",
      "license": "MIT"
    },
    "node_modules/just-memoize": {
      "version": "1.1.0",
      "resolved": "https://registry.npmjs.org/just-memoize/-/just-memoize-1.1.0.tgz",
      "integrity": "sha512-ALigWyjMjGqN0CHLBLCZpi6DatXQ60wLIsaZc7OxH6kdFUC/4nIjyqPUmozQ74augLvLmvJDHa1CCPzqD7oVnA==",
      "license": "MIT"
    },
    "node_modules/just-once": {
      "version": "1.1.0",
      "resolved": "https://registry.npmjs.org/just-once/-/just-once-1.1.0.tgz",
      "integrity": "sha512-+rZVpl+6VyTilK7vB/svlMPil4pxqIJZkbnN7DKZTOzyXfun6ZiFeq2Pk4EtCEHZ0VU4EkdFzG8ZK5F3PErcDw==",
      "license": "MIT"
    },
    "node_modules/just-pick": {
      "version": "2.1.0",
      "resolved": "https://registry.npmjs.org/just-pick/-/just-pick-2.1.0.tgz",
      "integrity": "sha512-C1PuyjBfPOqv8mHxva3tcEG/BuZfyTjeNpFbg7/R9c/+/YVqVQd/tECZ7l4QX4vhONSRiOlJ6NyTbBJLMRw0wg==",
      "license": "MIT"
    },
    "node_modules/just-safe-get": {
      "version": "2.0.0",
      "resolved": "https://registry.npmjs.org/just-safe-get/-/just-safe-get-2.0.0.tgz",
      "integrity": "sha512-OBUeNXA7efFIGh0hSLW4nxrOtFWfmjoc3T8B5oixm3b+D7SZN10VKwORUEk4oDeBaR/sqkDMxXb0gE0DRYreEA==",
      "license": "MIT"
    },
    "node_modules/just-safe-set": {
      "version": "2.1.0",
      "resolved": "https://registry.npmjs.org/just-safe-set/-/just-safe-set-2.1.0.tgz",
      "integrity": "sha512-wSTg/2bQpzyivBYbWPqQgafdfxW0tr3hX9qYGDRS2ws+AXwc7tvn8ABqkp8iPQHChjj4F5JvL3t0FQLbcNuKig==",
      "license": "MIT"
    },
    "node_modules/just-throttle": {
      "version": "2.1.0",
      "resolved": "https://registry.npmjs.org/just-throttle/-/just-throttle-2.1.0.tgz",
      "integrity": "sha512-tZ5VOT8j4LfvjxuieJ429/QUv2sRYZCDL5lJOaCa5fSvi42fAjnmLfh+uyuDA4e7wxweaPEuFYBkbdPgUcQfkw==",
      "license": "MIT"
    },
    "node_modules/netmask": {
      "version": "1.0.6",
      "resolved": "https://registry.npmjs.org/netmask/-/netmask-1.0.6.tgz",
      "integrity": "sha512-3DWDqAtIiPSkBXZyYEjwebfK56nrlQfRGt642fu8RPaL+ePu750+HCMHxjJCG3iEHq/0aeMvX6KIzlv7nuhfrA==",
      "license": "MIT",
      "engines": {
        "node": ">= 0.4.0"
      }
    },
    "node_modules/node-serialize": {
      "version": "0.0.4",
      "resolved": "https://registry.npmjs.org/node-serialize/-/node-serialize-0.0.4.tgz",
      "integrity": "sha512-Q7krX4keanOtqYrNWGlTWk0jSYPewtMpzs5AoV0NieqTtQkLRGq5e0R+iuTA3npbpk7B1zJy6dZ7o9wmmuEYmA==",
      "engines": [
        "node >=0.6.0"
      ]
    },
    "node_modules/pathval": {
      "version": "1.1.0",
      "resolved": "https://registry.npmjs.org/pathval/-/pathval-1.1.0.tgz",
      "integrity": "sha512-qZ181q3ICkag/+lv1X6frDUF84pqCm30qild3LGbD84n0AC75CYwnWsQRDlpz7zDkU5NVcmhHh4LjXK0goLYZA==",
      "license": "MIT",
      "engines": {
        "node": "*"
      }
    },
    "node_modules/shvl": {
      "version": "2.0.0",
      "resolved": "https://registry.npmjs.org/shvl/-/shvl-2.0.0.tgz",
      "integrity": "sha512-WbpzSvI5XgVGJ3A4ySGe8hBxj0JgJktfnoLhhJmvITDdK21WPVWwgG8GPlYEh4xqdti3Ff7PJ5G0QrRAjNS0Ig==",
      "deprecated": "older versions vulnerable to prototype pollution",
      "license": "MIT"
    },
    "node_modules/tinyqueue": {
      "version": "2.0.3",
      "resolved": "https://registry.npmjs.org/tinyqueue/-/tinyqueue-2.0.3.tgz",
      "integrity": "sha512-ppJZNDuKGgxzkHihX8v9v9G5f+18gzaTfrukGrq6ueg0lmH4nqVnA2IPG0AEH3jKEk2GRJCUhDoqpoiw3PHLBA==",
      "license": "ISC"
    }
  }
}
